
Microsoft Visual Studio Solution File, Format Version 12.00
# Visual Studio Version 16
VisualStudioVersion = 16.0.30406.217
MinimumVisualStudioVersion = 10.0.40219.1
Project("{FAE04EC0-301F-11D3-BF4B-00C04F79EFBC}") = "3Dlandscape.UWP", "3Dlandscape.UWP\3Dlandscape.UWP.csproj", "{B13CF4A3-C22C-44C2-9A7C-B2E2C00093BE}"
EndProject
Project("{FAE04EC0-301F-11D3-BF4B-00C04F79EFBC}") = "3Dlandscape.Android", "3Dlandscape.Android\3Dlandscape.Android.csproj", "{76D0ADEA-258C-4B6C-89AA-A7EC4AB5441B}"
EndProject
Project("{FAE04EC0-301F-11D3-BF4B-00C04F79EFBC}") = "3Dlandscape.iOS", "3Dlandscape.iOS\3Dlandscape.iOS.csproj", "{69437AF1-3622-4F56-8679-722C79743B08}"
EndProject
Project("{9A19103F-16F7-4668-BE54-9A1E7A4F7556}") = "3Dlandscape", "3Dlandscape\3Dlandscape.csproj", "{F15B5724-4B0F-4327-A14C-ABD716121E6F}"
EndProject
Global
	GlobalSection(SolutionConfigurationPlatforms) = preSolution
		Debug|Any CPU = Debug|Any CPU
		Debug|ARM = Debug|ARM
		Debug|iPhone = Debug|iPhone
		Debug|iPhoneSimulator = Debug|iPhoneSimulator
		Debug|x64 = Debug|x64
		Debug|x86 = Debug|x86
		Release|Any CPU = Release|Any CPU
		Release|ARM = Release|ARM
		Release|iPhone = Release|iPhone
		Release|iPhoneSimulator = Release|iPhoneSimulator
		Release|x64 = Release|x64
		Release|x86 = Release|x86
	EndGlobalSection
	GlobalSection(ProjectConfigurationPlatforms) = postSolution
		{B13CF4A3-C22C-44C2-9A7C-B2E2C00093BE}.Debug|Any CPU.ActiveCfg = Debug|x86
		{B13CF4A3-C22C-44C2-9A7C-B2E2C00093BE}.Debug|Any CPU.Build.0 = Debug|x86
		{B13CF4A3-C22C-44C2-9A7C-B2E2C00093BE}.Debug|Any CPU.Deploy.0 = Debug|x86
		{B13CF4A3-C22C-44C2-9A7C-B2E2C00093BE}.Debug|ARM.ActiveCfg = Debug|x86
		{B13CF4A3-C22C-44C2-9A7C-B2E2C00093BE}.Debug|ARM.Build.0 = Debug|x86
		{B13CF4A3-C22C-44C2-9A7C-B2E2C00093BE}.Debug|ARM.Deploy.0 = Debug|x86
		{B13CF4A3-C22C-44C2-9A7C-B2E2C00093BE}.Debug|iPhone.ActiveCfg = Debug|x86
		{B13CF4A3-C22C-44C2-9A7C-B2E2C00093BE}.Debug|iPhone.Build.0 = Debug|x86
		{B13CF4A3-C22C-44C2-9A7C-B2E2C00093BE}.Debug|iPhone.Deploy.0 = Debug|x86
		{B13CF4A3-C22C-44C2-9A7C-B2E2C00093BE}.Debug|iPhoneSimulator.ActiveCfg = Debug|x86
		{B13CF4A3-C22C-44C2-9A7C-B2E2C00093BE}.Debug|iPhoneSimulator.Build.0 = Debug|x86
		{B13CF4A3-C22C-44C2-9A7C-B2E2C00093BE}.Debug|iPhoneSimulator.Deploy.0 = Debug|x86
		{B13CF4A3-C22C-44C2-9A7C-B2E2C00093BE}.Debug|x64.ActiveCfg = Debug|x64
		{B13CF4A3-C22C-44C2-9A7C-B2E2C00093BE}.Debug|x64.Build.0 = Debug|x64
		{B13CF4A3-C22C-44C2-9A7C-B2E2C00093BE}.Debug|x64.Deploy.0 = Debug|x64
		{B13CF4A3-C22C-44C2-9A7C-B2E2C00093BE}.Debug|x86.ActiveCfg = Debug|x86
		{B13CF4A3-C22C-44C2-9A7C-B2E2C00093BE}.Debug|x86.Build.0 = Debug|x86
		{B13CF4A3-C22C-44C2-9A7C-B2E2C00093BE}.Debug|x86.Deploy.0 = Debug|x86
		{B13CF4A3-C22C-44C2-9A7C-B2E2C00093BE}.Release|Any CPU.ActiveCfg = Release|x86
		{B13CF4A3-C22C-44C2-9A7C-B2E2C00093BE}.Release|Any CPU.Build.0 = Release|x86
		{B13CF4A3-C22C-44C2-9A7C-B2E2C00093BE}.Release|Any CPU.Deploy.0 = Release|x86
		{B13CF4A3-C22C-44C2-9A7C-B2E2C00093BE}.Release|ARM.ActiveCfg = Release|ARM
		{B13CF4A3-C22C-44C2-9A7C-B2E2C00093BE}.Release|ARM.Build.0 = Release|ARM
		{B13CF4A3-C22C-44C2-9A7C-B2E2C00093BE}.Release|ARM.Deploy.0 = Release|ARM
		{B13CF4A3-C22C-44C2-9A7C-B2E2C00093BE}.Release|iPhone.ActiveCfg = Release|x86
		{B13CF4A3-C22C-44C2-9A7C-B2E2C00093BE}.Release|iPhone.Build.0 = Release|x86
		{B13CF4A3-C22C-44C2-9A7C-B2E2C00093BE}.Release|iPhone.Deploy.0 = Release|x86
		{B13CF4A3-C22C-44C2-9A7C-B2E2C00093BE}.Release|iPhoneSimulator.ActiveCfg = Release|x86
		{B13CF4A3-C22C-44C2-9A7C-B2E2C00093BE}.Release|iPhoneSimulator.Build.0 = Release|x86
		{B13CF4A3-C22C-44C2-9A7C-B2E2C00093BE}.Release|iPhoneSimulator.Deploy.0 = Release|x86
		{B13CF4A3-C22C-44C2-9A7C-B2E2C00093BE}.Release|x64.ActiveCfg = Release|x64
		{B13CF4A3-C22C-44C2-9A7C-B2E2C00093BE}.Release|x64.Build.0 = Release|x64
		{B13CF4A3-C22C-44C2-9A7C-B2E2C00093BE}.Release|x64.Deploy.0 = Release|x64
		{B13CF4A3-C22C-44C2-9A7C-B2E2C00093BE}.Release|x86.ActiveCfg = Release|x86
		{B13CF4A3-C22C-44C2-9A7C-B2E2C00093BE}.Release|x86.Build.0 = Release|x86
		{B13CF4A3-C22C-44C2-9A7C-B2E2C00093BE}.Release|x86.Deploy.0 = Release|x86
		{76D0ADEA-258C-4B6C-89AA-A7EC4AB5441B}.Debug|Any CPU.ActiveCfg = Debug|Any CPU
		{76D0ADEA-258C-4B6C-89AA-A7EC4AB5441B}.Debug|Any CPU.Build.0 = Debug|Any CPU
		{76D0ADEA-258C-4B6C-89AA-A7EC4AB5441B}.Debug|Any CPU.Deploy.0 = Debug|Any CPU
		{76D0ADEA-258C-4B6C-89AA-A7EC4AB5441B}.Debug|ARM.ActiveCfg = Debug|Any CPU
		{76D0ADEA-258C-4B6C-89AA-A7EC4AB5441B}.Debug|ARM.Build.0 = Debug|Any CPU
		{76D0ADEA-258C-4B6C-89AA-A7EC4AB5441B}.Debug|ARM.Deploy.0 = Debug|Any CPU
		{76D0ADEA-258C-4B6C-89AA-A7EC4AB5441B}.Debug|iPhone.ActiveCfg = Debug|Any CPU
		{76D0ADEA-258C-4B6C-89AA-A7EC4AB5441B}.Debug|iPhone.Build.0 = Debug|Any CPU
		{76D0ADEA-258C-4B6C-89AA-A7EC4AB5441B}.Debug|iPhone.Deploy.0 = Debug|Any CPU
		{76D0ADEA-258C-4B6C-89AA-A7EC4AB5441B}.Debug|iPhoneSimulator.ActiveCfg = Debug|Any CPU
		{76D0ADEA-258C-4B6C-89AA-A7EC4AB5441B}.Debug|iPhoneSimulator.Build.0 = Debug|Any CPU
		{76D0ADEA-258C-4B6C-89AA-A7EC4AB5441B}.Debug|iPhoneSimulator.Deploy.0 = Debug|Any CPU
		{76D0ADEA-258C-4B6C-89AA-A7EC4AB5441B}.Debug|x64.ActiveCfg = Debug|Any CPU
		{76D0ADEA-258C-4B6C-89AA-A7EC4AB5441B}.Debug|x64.Build.0 = Debug|Any CPU
		{76D0ADEA-258C-4B6C-89AA-A7EC4AB5441B}.Debug|x64.Deploy.0 = Debug|Any CPU
		{76D0ADEA-258C-4B6C-89AA-A7EC4AB5441B}.Debug|x86.ActiveCfg = Debug|Any CPU
		{76D0ADEA-258C-4B6C-89AA-A7EC4AB5441B}.Debug|x86.Build.0 = Debug|Any CPU
		{76D0ADEA-258C-4B6C-89AA-A7EC4AB5441B}.Debug|x86.Deploy.0 = Debug|Any CPU
		{76D0ADEA-258C-4B6C-89AA-A7EC4AB5441B}.Release|Any CPU.ActiveCfg = Release|Any CPU
		{76D0ADEA-258C-4B6C-89AA-A7EC4AB5441B}.Release|Any CPU.Build.0 = Release|Any CPU
		{76D0ADEA-258C-4B6C-89AA-A7EC4AB5441B}.Release|Any CPU.Deploy.0 = Release|Any CPU
		{76D0ADEA-258C-4B6C-89AA-A7EC4AB5441B}.Release|ARM.ActiveCfg = Release|Any CPU
		{76D0ADEA-258C-4B6C-89AA-A7EC4AB5441B}.Release|ARM.Build.0 = Release|Any CPU
		{76D0ADEA-258C-4B6C-89AA-A7EC4AB5441B}.Release|ARM.Deploy.0 = Release|Any CPU
		{76D0ADEA-258C-4B6C-89AA-A7EC4AB5441B}.Release|iPhone.ActiveCfg = Release|Any CPU
		{76D0ADEA-258C-4B6C-89AA-A7EC4AB5441B}.Release|iPhone.Build.0 = Release|Any CPU
		{76D0ADEA-258C-4B6C-89AA-A7EC4AB5441B}.Release|iPhone.Deploy.0 = Release|Any CPU
		{76D0ADEA-258C-4B6C-89AA-A7EC4AB5441B}.Release|iPhoneSimulator.ActiveCfg = Release|Any CPU
		{76D0ADEA-258C-4B6C-89AA-A7EC4AB5441B}.Release|iPhoneSimulator.Build.0 = Release|Any CPU
		{76D0ADEA-258C-4B6C-89AA-A7EC4AB5441B}.Release|iPhoneSimulator.Deploy.0 = Release|Any CPU
		{76D0ADEA-258C-4B6C-89AA-A7EC4AB5441B}.Release|x64.ActiveCfg = Release|Any CPU
		{76D0ADEA-258C-4B6C-89AA-A7EC4AB5441B}.Release|x64.Build.0 = Release|Any CPU
		{76D0ADEA-258C-4B6C-89AA-A7EC4AB5441B}.Release|x64.Deploy.0 = Release|Any CPU
		{76D0ADEA-258C-4B6C-89AA-A7EC4AB5441B}.Release|x86.ActiveCfg = Release|Any CPU
		{76D0ADEA-258C-4B6C-89AA-A7EC4AB5441B}.Release|x86.Build.0 = Release|Any CPU
		{76D0ADEA-258C-4B6C-89AA-A7EC4AB5441B}.Release|x86.Deploy.0 = Release|Any CPU
		{69437AF1-3622-4F56-8679-722C79743B08}.Debug|Any CPU.ActiveCfg = Debug|iPhone
		{69437AF1-3622-4F56-8679-722C79743B08}.Debug|Any CPU.Build.0 = Debug|iPhone
		{69437AF1-3622-4F56-8679-722C79743B08}.Debug|Any CPU.Deploy.0 = Debug|iPhone
		{69437AF1-3622-4F56-8679-722C79743B08}.Debug|ARM.ActiveCfg = Debug|iPhone
		{69437AF1-3622-4F56-8679-722C79743B08}.Debug|ARM.Build.0 = Debug|iPhone
		{69437AF1-3622-4F56-8679-722C79743B08}.Debug|ARM.Deploy.0 = Debug|iPhone
		{69437AF1-3622-4F56-8679-722C79743B08}.Debug|iPhone.ActiveCfg = Debug|iPhone
		{69437AF1-3622-4F56-8679-722C79743B08}.Debug|iPhone.Build.0 = Debug|iPhone
		{69437AF1-3622-4F56-8679-722C79743B08}.Debug|iPhone.Deploy.0 = Debug|iPhone
		{69437AF1-3622-4F56-8679-722C79743B08}.Debug|iPhoneSimulator.ActiveCfg = Debug|iPhoneSimulator
		{69437AF1-3622-4F56-8679-722C79743B08}.Debug|iPhoneSimulator.Build.0 = Debug|iPhoneSimulator
		{69437AF1-3622-4F56-8679-722C79743B08}.Debug|iPhoneSimulator.Deploy.0 = Debug|iPhoneSimulator
		{69437AF1-3622-4F56-8679-722C79743B08}.Debug|x64.ActiveCfg = Debug|iPhone
		{69437AF1-3622-4F56-8679-722C79743B08}.Debug|x64.Build.0 = Debug|iPhone
		{69437AF1-3622-4F56-8679-722C79743B08}.Debug|x64.Deploy.0 = Debug|iPhone
		{69437AF1-3622-4F56-8679-722C79743B08}.Debug|x86.ActiveCfg = Debug|iPhone
		{69437AF1-3622-4F56-8679-722C79743B08}.Debug|x86.Build.0 = Debug|iPhone
		{69437AF1-3622-4F56-8679-722C79743B08}.Debug|x86.Deploy.0 = Debug|iPhone
		{69437AF1-3622-4F56-8679-722C79743B08}.Release|Any CPU.ActiveCfg = Release|iPhone
		{69437AF1-3622-4F56-8679-722C79743B08}.Release|Any CPU.Build.0 = Release|iPhone
		{69437AF1-3622-4F56-8679-722C79743B08}.Release|Any CPU.Deploy.0 = Release|iPhone
		{69437AF1-3622-4F56-8679-722C79743B08}.Release|ARM.ActiveCfg = Release|iPhone
		{69437AF1-3622-4F56-8679-722C79743B08}.Release|ARM.Build.0 = Release|iPhone
		{69437AF1-3622-4F56-8679-722C79743B08}.Release|ARM.Deploy.0 = Release|iPhone
		{69437AF1-3622-4F56-8679-722C79743B08}.Release|iPhone.ActiveCfg = Release|iPhone
		{69437AF1-3622-4F56-8679-722C79743B08}.Release|iPhone.Build.0 = Release|iPhone
		{69437AF1-3622-4F56-8679-722C79743B08}.Release|iPhone.Deploy.0 = Release|iPhone
		{69437AF1-3622-4F56-8679-722C79743B08}.Release|iPhoneSimulator.ActiveCfg = Release|iPhoneSimulator
		{69437AF1-3622-4F56-8679-722C79743B08}.Release|iPhoneSimulator.Build.0 = Release|iPhoneSimulator
		{69437AF1-3622-4F56-8679-722C79743B08}.Release|iPhoneSimulator.Deploy.0 = Release|iPhoneSimulator
		{69437AF1-3622-4F56-8679-722C79743B08}.Release|x64.ActiveCfg = Release|iPhone
		{69437AF1-3622-4F56-8679-722C79743B08}.Release|x64.Build.0 = Release|iPhone
		{69437AF1-3622-4F56-8679-722C79743B08}.Release|x64.Deploy.0 = Release|iPhone
		{69437AF1-3622-4F56-8679-722C79743B08}.Release|x86.ActiveCfg = Release|iPhone
		{69437AF1-3622-4F56-8679-722C79743B08}.Release|x86.Build.0 = Release|iPhone
		{69437AF1-3622-4F56-8679-722C79743B08}.Release|x86.Deploy.0 = Release|iPhone
		{F15B5724-4B0F-4327-A14C-ABD716121E6F}.Debug|Any CPU.ActiveCfg = Debug|Any CPU
		{F15B5724-4B0F-4327-A14C-ABD716121E6F}.Debug|Any CPU.Build.0 = Debug|Any CPU
		{F15B5724-4B0F-4327-A14C-ABD716121E6F}.Debug|Any CPU.Deploy.0 = Debug|Any CPU
		{F15B5724-4B0F-4327-A14C-ABD716121E6F}.Debug|ARM.ActiveCfg = Debug|Any CPU
		{F15B5724-4B0F-4327-A14C-ABD716121E6F}.Debug|ARM.Build.0 = Debug|Any CPU
		{F15B5724-4B0F-4327-A14C-ABD716121E6F}.Debug|ARM.Deploy.0 = Debug|Any CPU
		{F15B5724-4B0F-4327-A14C-ABD716121E6F}.Debug|iPhone.ActiveCfg = Debug|Any CPU
		{F15B5724-4B0F-4327-A14C-ABD716121E6F}.Debug|iPhone.Build.0 = Debug|Any CPU
		{F15B5724-4B0F-4327-A14C-ABD716121E6F}.Debug|iPhone.Deploy.0 = Debug|Any CPU
		{F15B5724-4B0F-4327-A14C-ABD716121E6F}.Debug|iPhoneSimulator.ActiveCfg = Debug|Any CPU
		{F15B5724-4B0F-4327-A14C-ABD716121E6F}.Debug|iPhoneSimulator.Build.0 = Debug|Any CPU
		{F15B5724-4B0F-4327-A14C-ABD716121E6F}.Debug|iPhoneSimulator.Deploy.0 = Debug|Any CPU
		{F15B5724-4B0F-4327-A14C-ABD716121E6F}.Debug|x64.ActiveCfg = Debug|Any CPU
		{F15B5724-4B0F-4327-A14C-ABD716121E6F}.Debug|x64.Build.0 = Debug|Any CPU
		{F15B5724-4B0F-4327-A14C-ABD716121E6F}.Debug|x64.Deploy.0 = Debug|Any CPU
		{F15B5724-4B0F-4327-A14C-ABD716121E6F}.Debug|x86.ActiveCfg = Debug|Any CPU
		{F15B5724-4B0F-4327-A14C-ABD716121E6F}.Debug|x86.Build.0 = Debug|Any CPU
		{F15B5724-4B0F-4327-A14C-ABD716121E6F}.Debug|x86.Deploy.0 = Debug|Any CPU
		{F15B5724-4B0F-4327-A14C-ABD716121E6F}.Release|Any CPU.ActiveCfg = Release|Any CPU
		{F15B5724-4B0F-4327-A14C-ABD716121E6F}.Release|Any CPU.Build.0 = Release|Any CPU
		{F15B5724-4B0F-4327-A14C-ABD716121E6F}.Release|Any CPU.Deploy.0 = Release|Any CPU
		{F15B5724-4B0F-4327-A14C-ABD716121E6F}.Release|ARM.ActiveCfg = Release|Any CPU
		{F15B5724-4B0F-4327-A14C-ABD716121E6F}.Release|ARM.Build.0 = Release|Any CPU
		{F15B5724-4B0F-4327-A14C-ABD716121E6F}.Release|ARM.Deploy.0 = Release|Any CPU
		{F15B5724-4B0F-4327-A14C-ABD716121E6F}.Release|iPhone.ActiveCfg = Release|Any CPU
		{F15B5724-4B0F-4327-A14C-ABD716121E6F}.Release|iPhone.Build.0 = Release|Any CPU
		{F15B5724-4B0F-4327-A14C-ABD716121E6F}.Release|iPhone.Deploy.0 = Release|Any CPU
		{F15B5724-4B0F-4327-A14C-ABD716121E6F}.Release|iPhoneSimulator.ActiveCfg = Release|Any CPU
		{F15B5724-4B0F-4327-A14C-ABD716121E6F}.Release|iPhoneSimulator.Build.0 = Release|Any CPU
		{F15B5724-4B0F-4327-A14C-ABD716121E6F}.Release|iPhoneSimulator.Deploy.0 = Release|Any CPU
		{F15B5724-4B0F-4327-A14C-ABD716121E6F}.Release|x64.ActiveCfg = Release|Any CPU
		{F15B5724-4B0F-4327-A14C-ABD716121E6F}.Release|x64.Build.0 = Release|Any CPU
		{F15B5724-4B0F-4327-A14C-ABD716121E6F}.Release|x64.Deploy.0 = Release|Any CPU
		{F15B5724-4B0F-4327-A14C-ABD716121E6F}.Release|x86.ActiveCfg = Release|Any CPU
		{F15B5724-4B0F-4327-A14C-ABD716121E6F}.Release|x86.Build.0 = Release|Any CPU
		{F15B5724-4B0F-4327-A14C-ABD716121E6F}.Release|x86.Deploy.0 = Release|Any CPU
	EndGlobalSection
	GlobalSection(SolutionProperties) = preSolution
		HideSolutionNode = FALSE
	EndGlobalSection
	GlobalSection(ExtensibilityGlobals) = postSolution
		SolutionGuid = {AB5A576A-9F86-451B-AC15-1FA6B4974AB0}
	EndGlobalSection
EndGlobal
